
Microsoft Visual Studio Solution File, Format Version 12.00
# Visual Studio Version 16
VisualStudioVersion = 16.0.29924.181
MinimumVisualStudioVersion = 10.0.40219.1
Project("{FAE04EC0-301F-11D3-BF4B-00C04F79EFBC}") = "test", "test\test.csproj", "{B0A73CD5-FA5B-47F6-B08D-65EFD23E7336}"
EndProject
Global
	GlobalSection(SolutionConfigurationPlatforms) = preSolution
		Debug|Any CPU = Debug|Any CPU
		Release|Any CPU = Release|Any CPU
	EndGlobalSection
	GlobalSection(ProjectConfigurationPlatforms) = postSolution
		{B0A73CD5-FA5B-47F6-B08D-65EFD23E7336}.Debug|Any CPU.ActiveCfg = Debug|Any CPU
		{B0A73CD5-FA5B-47F6-B08D-65EFD23E7336}.Debug|Any CPU.Build.0 = Debug|Any CPU
		{B0A73CD5-FA5B-47F6-B08D-65EFD23E7336}.Release|Any CPU.ActiveCfg = Release|Any CPU
		{B0A73CD5-FA5B-47F6-B08D-65EFD23E7336}.Release|Any CPU.Build.0 = Release|Any CPU
	EndGlobalSection
	GlobalSection(SolutionProperties) = preSolution
		HideSolutionNode = FALSE
	EndGlobalSection
	GlobalSection(ExtensibilityGlobals) = postSolution
		SolutionGuid = {EA270DBA-0F19-48AF-B3A3-EB8C011711C1}
	EndGlobalSection
EndGlobal
